[renv]
Version=0.5.0-126

[R]
Version=3.5.2
Repositories=
	CRAN=https://cloud.r-project.org

[R/Package/Deriv]
Package=Deriv
Version=3.8.5
Source=CRAN
Hash=775e17c38fa5519a2c82529db7b4f85e

[R/Package/GPArotation]
Package=GPArotation
Version=2014.11-1
Source=CRAN
Hash=76721610c9e21fa56db1dd61593c7ea3

[R/Package/MASS]
Package=MASS
Version=7.3-51.4
Source=CRAN
Hash=a670f645948409d325eddb0b199ed968

[R/Package/Matrix]
Package=Matrix
Version=1.2-14
Source=CRAN
Hash=b411f6d86aaa6ed87bd13ef69b32b7a6

[R/Package/R6]
Package=R6
Version=2.4.0
Source=CRAN
Hash=d42941d973f7f28b32f694bc89fb9d5f

[R/Package/Rcpp]
Package=Rcpp
Version=1.0.1
Source=CRAN
Hash=542a8dbcf371718e4dee591341d28c43

[R/Package/RcppArmadillo]
Package=RcppArmadillo
Version=0.9.600.4.0
Source=CRAN
Hash=24cc5dd75ba5bd83e3219c83d4773a47

[R/Package/askpass]
Package=askpass
Version=1.1
Source=CRAN
Hash=ff8e30ba3e542c07372fca6de28bce3b

[R/Package/assertthat]
Package=assertthat
Version=0.2.1
Source=CRAN
Hash=263effaa484b1dc3013cf1c1e8f6624e

[R/Package/backports]
Package=backports
Version=1.1.4
Source=CRAN
Hash=8f863a45c5b6c9ccd5a71988138a48c2

[R/Package/brew]
Package=brew
Version=1.0-6
Source=CRAN
Hash=329122d89df869b70ed9bbd7ed7d4412

[R/Package/callr]
Package=callr
Version=3.3.1
Source=CRAN
Hash=223ff87e36c5837a29befa221dfe1f87

[R/Package/cli]
Package=cli
Version=1.1.0
Source=CRAN
Hash=c0a5f242aa2259cf7e40da04bb89f5d8

[R/Package/clipr]
Package=clipr
Version=0.7.0
Source=CRAN
Hash=90e6cd19a5fba30dd5fd96073a83f1b1

[R/Package/clisymbols]
Package=clisymbols
Version=1.2.0
Source=CRAN
Hash=e4438538e94e5fda0c2950f0e6fd2a33

[R/Package/cluster]
Package=cluster
Version=2.1.0
Source=CRAN
Hash=89e72dc3312dfb0af59e232dc38bed77

[R/Package/commonmark]
Package=commonmark
Version=1.7
Source=CRAN
Hash=f205e54c8f197c698143596b4aaaaac1

[R/Package/crayon]
Package=crayon
Version=1.3.4
Source=CRAN
Hash=1e93bda8f2b60a0defc85c82a39e2891

[R/Package/curl]
Package=curl
Version=4.0
Source=CRAN
Hash=e73352ac820b038acad6e594946c62bf

[R/Package/dcurver]
Package=dcurver
Version=0.9.1
Source=CRAN
Hash=9bc7510d9e5ae732dbe2e0d1001446a6

[R/Package/desc]
Package=desc
Version=1.2.0
Source=CRAN
Hash=fefdea6ff2d34eb3ea0f15f58262e0f1

[R/Package/devtools]
Package=devtools
Version=2.1.0
Source=CRAN
Hash=731fcd01b9dcd158947bebfb95840dbf

[R/Package/digest]
Package=digest
Version=0.6.20
Source=CRAN
Hash=ee526dc5fbf649c15ce452a474543a4c

[R/Package/evaluate]
Package=evaluate
Version=0.14
Source=CRAN
Hash=ea89e41d97c0146c8f6bb068430a7e58

[R/Package/fs]
Package=fs
Version=1.3.1
Source=CRAN
Hash=110467e48d2be4583fe18d7bdbbc3c54

[R/Package/funsu]
Package=funsu
Version=0.0.0.9000
Source=unknown
Hash=47dfc38255dc4a0183119cbd9ed1155c

[R/Package/gh]
Package=gh
Version=1.0.1
Source=CRAN
Hash=3e498375faca84a20b431a2df1ce23e9

[R/Package/git2r]
Package=git2r
Version=0.26.1
Source=CRAN
Hash=d9b65de189fbd965de1341421cdda574

[R/Package/glue]
Package=glue
Version=1.3.1
Source=CRAN
Hash=156f76da413ebe13f4d7e65ae6a5d19f

[R/Package/httr]
Package=httr
Version=1.4.0
Source=CRAN
Hash=f5dc99b1972d4e9eaf6f5c452339db08

[R/Package/ini]
Package=ini
Version=0.3.1
Source=CRAN
Hash=c476efce99f7ae2fde8301147283421a

[R/Package/jsonlite]
Package=jsonlite
Version=1.6
Source=CRAN
Hash=9ec2b2fe0e874a66d0cb54d8ced5618e

[R/Package/lattice]
Package=lattice
Version=0.20-35
Source=CRAN
Hash=96238e972e6d8c631c273d91b13a90c3

[R/Package/lhs]
Package=lhs
Version=1.0.1
Source=CRAN
Hash=0ac5a0e99d061a6ee3a8133022b2ce43

[R/Package/magrittr]
Package=magrittr
Version=1.5
Source=CRAN
Hash=cb6367fec3fd68ff41424fe9797b8eaf

[R/Package/memoise]
Package=memoise
Version=1.1.0
Source=CRAN
Hash=84b2466117129ec55e85c8b3c5eae758

[R/Package/mgcv]
Package=mgcv
Version=1.8-28
Source=CRAN
Hash=7b78c0b314871340c4f56d38e6b66dd5

[R/Package/mime]
Package=mime
Version=0.7
Source=CRAN
Hash=054d829092f3869d99d1ac57e4fe21eb

[R/Package/mirt]
Package=mirt
Version=1.30
Source=CRAN
Hash=bdc87c5669e00bf9f80a9ee180a7fbbf

[R/Package/nlme]
Package=nlme
Version=3.1-140
Source=CRAN
Hash=fd36fd7954be6770cf36524f9a499557

[R/Package/openssl]
Package=openssl
Version=1.4.1
Source=CRAN
Hash=6824c3698646e97b3ec8d906fb5db96b

[R/Package/permute]
Package=permute
Version=0.9-5
Source=CRAN
Hash=851e9678af3f5882feda908a6dbfc757

[R/Package/pkgbuild]
Package=pkgbuild
Version=1.0.3
Source=CRAN
Hash=95c67ee4d0d3a9c8cd3bd3af5e4c96f1

[R/Package/pkgload]
Package=pkgload
Version=1.0.2
Source=CRAN
Hash=83fbbb08dc4973debae54ac0e829f9bd

[R/Package/pracma]
Package=pracma
Version=2.2.5
Source=CRAN
Hash=c01ca9f39d200b7cd176f0c2571dedbc

[R/Package/praise]
Package=praise
Version=1.0.0
Source=CRAN
Hash=20ffbe3f59f58529a6786101392fa476

[R/Package/prettyunits]
Package=prettyunits
Version=1.0.2
Source=CRAN
Hash=47d4646a3be22893c04093e8db164989

[R/Package/processx]
Package=processx
Version=3.4.1
Source=CRAN
Hash=cfe2bc35034a44fe32e0969b4c661068

[R/Package/ps]
Package=ps
Version=1.3.0
Source=CRAN
Hash=12c6a7e02239401d47599ddc44a484f4

[R/Package/purrr]
Package=purrr
Version=0.3.2
Source=CRAN
Hash=19767ff705a04566e2f396e15ccc1b39

[R/Package/randtoolbox]
Package=randtoolbox
Version=1.30.0
Source=CRAN
Hash=2429f56209b0a112cc359126a988f567

[R/Package/rcmdcheck]
Package=rcmdcheck
Version=1.3.3
Source=CRAN
Hash=d05e0e467b1321647efeec329d06d737

[R/Package/remotes]
Package=remotes
Version=2.1.0
Source=CRAN
Hash=13a9510a8b8fcb47b1cc063be40f2818

[R/Package/rlang]
Package=rlang
Version=0.4.0
Source=CRAN
Hash=e48086a0605a981e1deb719711d4be63

[R/Package/rngWELL]
Package=rngWELL
Version=0.10-5
Source=CRAN
Hash=0a00071896ed8434bb97ddd978710641

[R/Package/roxygen2]
Package=roxygen2
Version=6.1.1
Source=CRAN
Hash=785db78ea5b54b787c60d8f237d92fa2

[R/Package/rprojroot]
Package=rprojroot
Version=1.3-2
Source=CRAN
Hash=75611db569353a873f987f858b6f06dd

[R/Package/rstudioapi]
Package=rstudioapi
Version=0.10
Source=CRAN
Hash=6c03ab57831cbdae14d599151e832e18

[R/Package/sessioninfo]
Package=sessioninfo
Version=1.1.1
Source=CRAN
Hash=1261ec40b973735e3ae12329259479a8

[R/Package/statmod]
Package=statmod
Version=1.4.32
Source=CRAN
Hash=25f685880b5d2ef1841af3eed2f6299a

[R/Package/stringi]
Package=stringi
Version=1.4.3
Source=CRAN
Hash=0472e71f2347e13cd398d5225ff3b0ea

[R/Package/stringr]
Package=stringr
Version=1.4.0
Source=CRAN
Hash=01fb6c8262ac804d9bafa60cea8773da

[R/Package/sys]
Package=sys
Version=3.2
Source=CRAN
Hash=22bf912f5ebfddff8992fdd4d01e9bb4

[R/Package/testthat]
Package=testthat
Version=2.2.0
Source=CRAN
Hash=37e17bf0de748bcb80f1ad3ca564aa67

[R/Package/usethis]
Package=usethis
Version=1.5.1
Source=CRAN
Hash=3599609086a814a2598f099f49b194f1

[R/Package/vegan]
Package=vegan
Version=2.5-5
Source=CRAN
Hash=444828ac7cea37e64fb7edfbe61198bf

[R/Package/whisker]
Package=whisker
Version=0.3-2
Source=CRAN
Hash=1e74aefd2c67890f504a1fa2d0834d70

[R/Package/withr]
Package=withr
Version=2.1.2
Source=CRAN
Hash=ce9ffa6d865ecaf6a56cacc811565e07

[R/Package/xml2]
Package=xml2
Version=1.2.0
Source=CRAN
Hash=fe28830040ea8a0cd9d41749b8f9f715

[R/Package/xopen]
Package=xopen
Version=1.0.0
Source=CRAN
Hash=a8fb8ee1d1a41595f44e5cce92cafa2d

[R/Package/yaml]
Package=yaml
Version=2.2.0
Source=CRAN
Hash=e75dfa28ca59a73adfabf6899ce04472

