[renv]
Version=0.5.0-126

[R]
Version=3.5.2
Repositories=
	CRAN=https://cloud.r-project.org

[R/Package/Matrix]
Package=Matrix
Version=1.2-14
Source=CRAN
Hash=b411f6d86aaa6ed87bd13ef69b32b7a6

[R/Package/Rcpp]
Package=Rcpp
Version=1.0.1
Source=CRAN
Hash=542a8dbcf371718e4dee591341d28c43

[R/Package/lattice]
Package=lattice
Version=0.20-35
Source=CRAN
Hash=96238e972e6d8c631c273d91b13a90c3

[R/Package/lhs]
Package=lhs
Version=1.0.1
Source=CRAN
Hash=0ac5a0e99d061a6ee3a8133022b2ce43

[R/Package/pracma]
Package=pracma
Version=2.2.5
Source=CRAN
Hash=c01ca9f39d200b7cd176f0c2571dedbc

[R/Package/randtoolbox]
Package=randtoolbox
Version=1.30.0
Source=CRAN
Hash=2429f56209b0a112cc359126a988f567

[R/Package/rngWELL]
Package=rngWELL
Version=0.10-5
Source=CRAN
Hash=0a00071896ed8434bb97ddd978710641

[R/Package/statmod]
Package=statmod
Version=1.4.32
Source=CRAN
Hash=25f685880b5d2ef1841af3eed2f6299a

